PODS:
  - boost (1.83.0)
  - DoubleConversion (1.1.6)
  - EXConstants (15.4.5):
    - ExpoModulesCore
  - EXFont (11.10.3):
    - ExpoModulesCore
  - EXJSONUtils (0.12.3)
  - EXManifests (0.13.2):
    - ExpoModulesCore
  - Expo (50.0.8):
    - ExpoModulesCore
  - expo-dev-client (3.3.9):
    - EXManifests
    - expo-dev-launcher
    - expo-dev-menu
    - expo-dev-menu-interface
    - EXUpdatesInterface
  - expo-dev-launcher (3.6.7):
    - EXManifests
    - expo-dev-launcher/Main (= 3.6.7)
    - expo-dev-menu
    - expo-dev-menu-interface
    - ExpoModulesCore
    - EXUpdatesInterface
    - glog
    - RCT-Folly (= 2022.05.16.00)
    - React-Core
    - React-RCTAppDelegate
  - expo-dev-launcher/Main (3.6.7):
    - EXManifests
    - expo-dev-launcher/Unsafe
    - expo-dev-menu
    - expo-dev-menu-interface
    - ExpoModulesCore
    - EXUpdatesInterface
    - glog
    - RCT-Folly (= 2022.05.16.00)
    - React-Core
    - React-RCTAppDelegate
  - expo-dev-launcher/Unsafe (3.6.7):
    - EXManifests
    - expo-dev-menu
    - expo-dev-menu-interface
    - ExpoModulesCore
    - EXUpdatesInterface
    - glog
    - RCT-Folly (= 2022.05.16.00)
    - React-Core
    - React-RCTAppDelegate
  - expo-dev-menu (4.5.6):
    - expo-dev-menu/Main (= 4.5.6)
    - expo-dev-menu/ReactNativeCompatibles (= 4.5.6)
    - glog
    - RCT-Folly (= 2022.05.16.00)
    - React-Core
  - expo-dev-menu-interface (1.7.2)
  - expo-dev-menu/Main (4.5.6):
    - EXManifests
    - expo-dev-menu-interface
    - expo-dev-menu/Vendored
    - ExpoModulesCore
    - glog
    - RCT-Folly (= 2022.05.16.00)
    - React-Core
  - expo-dev-menu/ReactNativeCompatibles (4.5.6):
    - glog
    - RCT-Folly (= 2022.05.16.00)
    - React-Core
  - expo-dev-menu/SafeAreaView (4.5.6):
    - ExpoModulesCore
    - glog
    - RCT-Folly (= 2022.05.16.00)
    - React-Core
  - expo-dev-menu/Vendored (4.5.6):
    - expo-dev-menu/SafeAreaView
    - glog
    - RCT-Folly (= 2022.05.16.00)
    - React-Core
  - ExpoFileSystem (16.0.6):
    - ExpoModulesCore
  - ExpoHead (3.4.7):
    - ExpoModulesCore
  - ExpoImage (1.10.6):
    - ExpoModulesCore
    - SDWebImage (~> 5.17.0)
    - SDWebImageAVIFCoder (~> 0.10.1)
    - SDWebImageSVGCoder (~> 1.7.0)
    - SDWebImageWebPCoder (~> 0.13.0)
  - ExpoKeepAwake (12.8.2):
    - ExpoModulesCore
  - ExpoLocalization (14.8.3):
    - ExpoModulesCore
  - ExpoModulesCore (1.11.9):
    - glog
    - RCT-Folly (= 2022.05.16.00)
    - React-Core
    - React-NativeModulesApple
    - React-RCTAppDelegate
    - ReactCommon/turbomodule/core
  - ExpoSystemUI (2.9.3):
    - ExpoModulesCore
  - EXSplashScreen (0.26.4):
    - ExpoModulesCore
    - glog
    - RCT-Folly (= 2022.05.16.00)
    - React-Core
  - EXUpdatesInterface (0.15.3)
  - FBLazyVector (0.73.4)
  - FBReactNativeSpec (0.73.4):
    - RCT-Folly (= 2022.05.16.00)
    - RCTRequired (= 0.73.4)
    - RCTTypeSafety (= 0.73.4)
    - React-Core (= 0.73.4)
    - React-jsi (= 0.73.4)
    - ReactCommon/turbomodule/core (= 0.73.4)
  - fmt (6.2.1)
  - glog (0.3.5)
  - hermes-engine (0.73.4):
    - hermes-engine/Pre-built (= 0.73.4)
  - hermes-engine/Pre-built (0.73.4)
  - libaom (3.0.0):
    - libvmaf (>= 2.2.0)
  - libavif (0.11.1):
    - libavif/libaom (= 0.11.1)
  - libavif/core (0.11.1)
  - libavif/libaom (0.11.1):
    - libaom (>= 2.0.0)
    - libavif/core
  - libevent (2.1.12)
  - libvmaf (2.3.1)
  - libwebp (1.3.2):
    - libwebp/demux (= 1.3.2)
    - libwebp/mux (= 1.3.2)
    - libwebp/sharpyuv (= 1.3.2)
    - libwebp/webp (= 1.3.2)
  - libwebp/demux (1.3.2):
    - libwebp/webp
  - libwebp/mux (1.3.2):
    - libwebp/demux
  - libwebp/sharpyuv (1.3.2)
  - libwebp/webp (1.3.2):
    - libwebp/sharpyuv
  - MMKV (1.3.3):
    - MMKVCore (~> 1.3.3)
  - MMKVCore (1.3.3)
  - RCT-Folly (2022.05.16.00):
    - boost
    - DoubleConversion
    - fmt (~> 6.2.1)
    - glog
    - RCT-Folly/Default (= 2022.05.16.00)
  - RCT-Folly/Default (2022.05.16.00):
    - boost
    - DoubleConversion
    - fmt (~> 6.2.1)
    - glog
  - RCT-Folly/Fabric (2022.05.16.00):
    - boost
    - DoubleConversion
    - fmt (~> 6.2.1)
    - glog
  - RCT-Folly/Futures (2022.05.16.00):
    - boost
    - DoubleConversion
    - fmt (~> 6.2.1)
    - glog
    - libevent
  - RCTRequired (0.73.4)
  - RCTTypeSafety (0.73.4):
    - FBLazyVector (= 0.73.4)
    - RCTRequired (= 0.73.4)
    - React-Core (= 0.73.4)
  - React (0.73.4):
    - React-Core (= 0.73.4)
    - React-Core/DevSupport (= 0.73.4)
    - React-Core/RCTWebSocket (= 0.73.4)
    - React-RCTActionSheet (= 0.73.4)
    - React-RCTAnimation (= 0.73.4)
    - React-RCTBlob (= 0.73.4)
    - React-RCTImage (= 0.73.4)
    - React-RCTLinking (= 0.73.4)
    - React-RCTNetwork (= 0.73.4)
    - React-RCTSettings (= 0.73.4)
    - React-RCTText (= 0.73.4)
    - React-RCTVibration (= 0.73.4)
  - React-callinvoker (0.73.4)
  - React-Codegen (0.73.4):
    - DoubleConversion
    - FBReactNativeSpec
    - glog
    - hermes-engine
    - RCT-Folly
    - RCTRequired
    - RCTTypeSafety
    - React-Core
    - React-jsi
    - React-jsiexecutor
    - React-NativeModulesApple
    - React-rncore
    - ReactCommon/turbomodule/bridging
    - ReactCommon/turbomodule/core
  - React-Core (0.73.4):
    - glog
    - hermes-engine
    - RCT-Folly (= 2022.05.16.00)
    - React-Core/Default (= 0.73.4)
    - React-cxxreact
    - React-hermes
    - React-jsi
    - React-jsiexecutor
    - React-perflogger
    - React-runtimescheduler
    - React-utils
    - SocketRocket (= 0.6.1)
    - Yoga
  - React-Core/CoreModulesHeaders (0.73.4):
    - glog
    - hermes-engine
    - RCT-Folly (= 2022.05.16.00)
    - React-Core/Default
    - React-cxxreact
    - React-hermes
    - React-jsi
    - React-jsiexecutor
    - React-perflogger
    - React-runtimescheduler
    - React-utils
    - SocketRocket (= 0.6.1)
    - Yoga
  - React-Core/Default (0.73.4):
    - glog
    - hermes-engine
    - RCT-Folly (= 2022.05.16.00)
    - React-cxxreact
    - React-hermes
    - React-jsi
    - React-jsiexecutor
    - React-perflogger
    - React-runtimescheduler
    - React-utils
    - SocketRocket (= 0.6.1)
    - Yoga
  - React-Core/DevSupport (0.73.4):
    - glog
    - hermes-engine
    - RCT-Folly (= 2022.05.16.00)
    - React-Core/Default (= 0.73.4)
    - React-Core/RCTWebSocket (= 0.73.4)
    - React-cxxreact
    - React-hermes
    - React-jsi
    - React-jsiexecutor
    - React-jsinspector (= 0.73.4)
    - React-perflogger
    - React-runtimescheduler
    - React-utils
    - SocketRocket (= 0.6.1)
    - Yoga
  - React-Core/RCTActionSheetHeaders (0.73.4):
    - glog
    - hermes-engine
    - RCT-Folly (= 2022.05.16.00)
    - React-Core/Default
    - React-cxxreact
    - React-hermes
    - React-jsi
    - React-jsiexecutor
    - React-perflogger
    - React-runtimescheduler
    - React-utils
    - SocketRocket (= 0.6.1)
    - Yoga
  - React-Core/RCTAnimationHeaders (0.73.4):
    - glog
    - hermes-engine
    - RCT-Folly (= 2022.05.16.00)
    - React-Core/Default
    - React-cxxreact
    - React-hermes
    - React-jsi
    - React-jsiexecutor
    - React-perflogger
    - React-runtimescheduler
    - React-utils
    - SocketRocket (= 0.6.1)
    - Yoga
  - React-Core/RCTBlobHeaders (0.73.4):
    - glog
    - hermes-engine
    - RCT-Folly (= 2022.05.16.00)
    - React-Core/Default
    - React-cxxreact
    - React-hermes
    - React-jsi
    - React-jsiexecutor
    - React-perflogger
    - React-runtimescheduler
    - React-utils
    - SocketRocket (= 0.6.1)
    - Yoga
  - React-Core/RCTImageHeaders (0.73.4):
    - glog
    - hermes-engine
    - RCT-Folly (= 2022.05.16.00)
    - React-Core/Default
    - React-cxxreact
    - React-hermes
    - React-jsi
    - React-jsiexecutor
    - React-perflogger
    - React-runtimescheduler
    - React-utils
    - SocketRocket (= 0.6.1)
    - Yoga
  - React-Core/RCTLinkingHeaders (0.73.4):
    - glog
    - hermes-engine
    - RCT-Folly (= 2022.05.16.00)
    - React-Core/Default
    - React-cxxreact
    - React-hermes
    - React-jsi
    - React-jsiexecutor
    - React-perflogger
    - React-runtimescheduler
    - React-utils
    - SocketRocket (= 0.6.1)
    - Yoga
  - React-Core/RCTNetworkHeaders (0.73.4):
    - glog
    - hermes-engine
    - RCT-Folly (= 2022.05.16.00)
    - React-Core/Default
    - React-cxxreact
    - React-hermes
    - React-jsi
    - React-jsiexecutor
    - React-perflogger
    - React-runtimescheduler
    - React-utils
    - SocketRocket (= 0.6.1)
    - Yoga
  - React-Core/RCTSettingsHeaders (0.73.4):
    - glog
    - hermes-engine
    - RCT-Folly (= 2022.05.16.00)
    - React-Core/Default
    - React-cxxreact
    - React-hermes
    - React-jsi
    - React-jsiexecutor
    - React-perflogger
    - React-runtimescheduler
    - React-utils
    - SocketRocket (= 0.6.1)
    - Yoga
  - React-Core/RCTTextHeaders (0.73.4):
    - glog
    - hermes-engine
    - RCT-Folly (= 2022.05.16.00)
    - React-Core/Default
    - React-cxxreact
    - React-hermes
    - React-jsi
    - React-jsiexecutor
    - React-perflogger
    - React-runtimescheduler
    - React-utils
    - SocketRocket (= 0.6.1)
    - Yoga
  - React-Core/RCTVibrationHeaders (0.73.4):
    - glog
    - hermes-engine
    - RCT-Folly (= 2022.05.16.00)
    - React-Core/Default
    - React-cxxreact
    - React-hermes
    - React-jsi
    - React-jsiexecutor
    - React-perflogger
    - React-runtimescheduler
    - React-utils
    - SocketRocket (= 0.6.1)
    - Yoga
  - React-Core/RCTWebSocket (0.73.4):
    - glog
    - hermes-engine
    - RCT-Folly (= 2022.05.16.00)
    - React-Core/Default (= 0.73.4)
    - React-cxxreact
    - React-hermes
    - React-jsi
    - React-jsiexecutor
    - React-perflogger
    - React-runtimescheduler
    - React-utils
    - SocketRocket (= 0.6.1)
    - Yoga
  - React-CoreModules (0.73.4):
    - RCT-Folly (= 2022.05.16.00)
    - RCTTypeSafety (= 0.73.4)
    - React-Codegen
    - React-Core/CoreModulesHeaders (= 0.73.4)
    - React-jsi (= 0.73.4)
    - React-NativeModulesApple
    - React-RCTBlob
    - React-RCTImage (= 0.73.4)
    - ReactCommon
    - SocketRocket (= 0.6.1)
  - React-cxxreact (0.73.4):
    - boost (= 1.83.0)
    - DoubleConversion
    - fmt (~> 6.2.1)
    - glog
    - hermes-engine
    - RCT-Folly (= 2022.05.16.00)
    - React-callinvoker (= 0.73.4)
    - React-debug (= 0.73.4)
    - React-jsi (= 0.73.4)
    - React-jsinspector (= 0.73.4)
    - React-logger (= 0.73.4)
    - React-perflogger (= 0.73.4)
    - React-runtimeexecutor (= 0.73.4)
  - React-debug (0.73.4)
  - React-Fabric (0.73.4):
    - DoubleConversion
    - fmt (~> 6.2.1)
    - glog
    - hermes-engine
    - RCT-Folly/Fabric (= 2022.05.16.00)
    - RCTRequired
    - RCTTypeSafety
    - React-Core
    - React-cxxreact
    - React-debug
    - React-Fabric/animations (= 0.73.4)
    - React-Fabric/attributedstring (= 0.73.4)
    - React-Fabric/componentregistry (= 0.73.4)
    - React-Fabric/componentregistrynative (= 0.73.4)
    - React-Fabric/components (= 0.73.4)
    - React-Fabric/core (= 0.73.4)
    - React-Fabric/imagemanager (= 0.73.4)
    - React-Fabric/leakchecker (= 0.73.4)
    - React-Fabric/mounting (= 0.73.4)
    - React-Fabric/scheduler (= 0.73.4)
    - React-Fabric/telemetry (= 0.73.4)
    - React-Fabric/templateprocessor (= 0.73.4)
    - React-Fabric/textlayoutmanager (= 0.73.4)
    - React-Fabric/uimanager (= 0.73.4)
    - React-graphics
    - React-jsi
    - React-jsiexecutor
    - React-logger
    - React-rendererdebug
    - React-runtimescheduler
    - React-utils
    - ReactCommon/turbomodule/core
  - React-Fabric/animations (0.73.4):
    - DoubleConversion
    - fmt (~> 6.2.1)
    - glog
    - hermes-engine
    - RCT-Folly/Fabric (= 2022.05.16.00)
    - RCTRequired
    - RCTTypeSafety
    - React-Core
    - React-cxxreact
    - React-debug
    - React-graphics
    - React-jsi
    - React-jsiexecutor
    - React-logger
    - React-rendererdebug
    - React-runtimescheduler
    - React-utils
    - ReactCommon/turbomodule/core
  - React-Fabric/attributedstring (0.73.4):
    - DoubleConversion
    - fmt (~> 6.2.1)
    - glog
    - hermes-engine
    - RCT-Folly/Fabric (= 2022.05.16.00)
    - RCTRequired
    - RCTTypeSafety
    - React-Core
    - React-cxxreact
    - React-debug
    - React-graphics
    - React-jsi
    - React-jsiexecutor
    - React-logger
    - React-rendererdebug
    - React-runtimescheduler
    - React-utils
    - ReactCommon/turbomodule/core
  - React-Fabric/componentregistry (0.73.4):
    - DoubleConversion
    - fmt (~> 6.2.1)
    - glog
    - hermes-engine
    - RCT-Folly/Fabric (= 2022.05.16.00)
    - RCTRequired
    - RCTTypeSafety
    - React-Core
    - React-cxxreact
    - React-debug
    - React-graphics
    - React-jsi
    - React-jsiexecutor
    - React-logger
    - React-rendererdebug
    - React-runtimescheduler
    - React-utils
    - ReactCommon/turbomodule/core
  - React-Fabric/componentregistrynative (0.73.4):
    - DoubleConversion
    - fmt (~> 6.2.1)
    - glog
    - hermes-engine
    - RCT-Folly/Fabric (= 2022.05.16.00)
    - RCTRequired
    - RCTTypeSafety
    - React-Core
    - React-cxxreact
    - React-debug
    - React-graphics
    - React-jsi
    - React-jsiexecutor
    - React-logger
    - React-rendererdebug
    - React-runtimescheduler
    - React-utils
    - ReactCommon/turbomodule/core
  - React-Fabric/components (0.73.4):
    - DoubleConversion
    - fmt (~> 6.2.1)
    - glog
    - hermes-engine
    - RCT-Folly/Fabric (= 2022.05.16.00)
    - RCTRequired
    - RCTTypeSafety
    - React-Core
    - React-cxxreact
    - React-debug
    - React-Fabric/components/inputaccessory (= 0.73.4)
    - React-Fabric/components/legacyviewmanagerinterop (= 0.73.4)
    - React-Fabric/components/modal (= 0.73.4)
    - React-Fabric/components/rncore (= 0.73.4)
    - React-Fabric/components/root (= 0.73.4)
    - React-Fabric/components/safeareaview (= 0.73.4)
    - React-Fabric/components/scrollview (= 0.73.4)
    - React-Fabric/components/text (= 0.73.4)
    - React-Fabric/components/textinput (= 0.73.4)
    - React-Fabric/components/unimplementedview (= 0.73.4)
    - React-Fabric/components/view (= 0.73.4)
    - React-graphics
    - React-jsi
    - React-jsiexecutor
    - React-logger
    - React-rendererdebug
    - React-runtimescheduler
    - React-utils
    - ReactCommon/turbomodule/core
  - React-Fabric/components/inputaccessory (0.73.4):
    - DoubleConversion
    - fmt (~> 6.2.1)
    - glog
    - hermes-engine
    - RCT-Folly/Fabric (= 2022.05.16.00)
    - RCTRequired
    - RCTTypeSafety
    - React-Core
    - React-cxxreact
    - React-debug
    - React-graphics
    - React-jsi
    - React-jsiexecutor
    - React-logger
    - React-rendererdebug
    - React-runtimescheduler
    - React-utils
    - ReactCommon/turbomodule/core
  - React-Fabric/components/legacyviewmanagerinterop (0.73.4):
    - DoubleConversion
    - fmt (~> 6.2.1)
    - glog
    - hermes-engine
    - RCT-Folly/Fabric (= 2022.05.16.00)
    - RCTRequired
    - RCTTypeSafety
    - React-Core
    - React-cxxreact
    - React-debug
    - React-graphics
    - React-jsi
    - React-jsiexecutor
    - React-logger
    - React-rendererdebug
    - React-runtimescheduler
    - React-utils
    - ReactCommon/turbomodule/core
  - React-Fabric/components/modal (0.73.4):
    - DoubleConversion
    - fmt (~> 6.2.1)
    - glog
    - hermes-engine
    - RCT-Folly/Fabric (= 2022.05.16.00)
    - RCTRequired
    - RCTTypeSafety
    - React-Core
    - React-cxxreact
    - React-debug
    - React-graphics
    - React-jsi
    - React-jsiexecutor
    - React-logger
    - React-rendererdebug
    - React-runtimescheduler
    - React-utils
    - ReactCommon/turbomodule/core
  - React-Fabric/components/rncore (0.73.4):
    - DoubleConversion
    - fmt (~> 6.2.1)
    - glog
    - hermes-engine
    - RCT-Folly/Fabric (= 2022.05.16.00)
    - RCTRequired
    - RCTTypeSafety
    - React-Core
    - React-cxxreact
    - React-debug
    - React-graphics
    - React-jsi
    - React-jsiexecutor
    - React-logger
    - React-rendererdebug
    - React-runtimescheduler
    - React-utils
    - ReactCommon/turbomodule/core
  - React-Fabric/components/root (0.73.4):
    - DoubleConversion
    - fmt (~> 6.2.1)
    - glog
    - hermes-engine
    - RCT-Folly/Fabric (= 2022.05.16.00)
    - RCTRequired
    - RCTTypeSafety
    - React-Core
    - React-cxxreact
    - React-debug
    - React-graphics
    - React-jsi
    - React-jsiexecutor
    - React-logger
    - React-rendererdebug
    - React-runtimescheduler
    - React-utils
    - ReactCommon/turbomodule/core
  - React-Fabric/components/safeareaview (0.73.4):
    - DoubleConversion
    - fmt (~> 6.2.1)
    - glog
    - hermes-engine
    - RCT-Folly/Fabric (= 2022.05.16.00)
    - RCTRequired
    - RCTTypeSafety
    - React-Core
    - React-cxxreact
    - React-debug
    - React-graphics
    - React-jsi
    - React-jsiexecutor
    - React-logger
    - React-rendererdebug
    - React-runtimescheduler
    - React-utils
    - ReactCommon/turbomodule/core
  - React-Fabric/components/scrollview (0.73.4):
    - DoubleConversion
    - fmt (~> 6.2.1)
    - glog
    - hermes-engine
    - RCT-Folly/Fabric (= 2022.05.16.00)
    - RCTRequired
    - RCTTypeSafety
    - React-Core
    - React-cxxreact
    - React-debug
    - React-graphics
    - React-jsi
    - React-jsiexecutor
    - React-logger
    - React-rendererdebug
    - React-runtimescheduler
    - React-utils
    - ReactCommon/turbomodule/core
  - React-Fabric/components/text (0.73.4):
    - DoubleConversion
    - fmt (~> 6.2.1)
    - glog
    - hermes-engine
    - RCT-Folly/Fabric (= 2022.05.16.00)
    - RCTRequired
    - RCTTypeSafety
    - React-Core
    - React-cxxreact
    - React-debug
    - React-graphics
    - React-jsi
    - React-jsiexecutor
    - React-logger
    - React-rendererdebug
    - React-runtimescheduler
    - React-utils
    - ReactCommon/turbomodule/core
  - React-Fabric/components/textinput (0.73.4):
    - DoubleConversion
    - fmt (~> 6.2.1)
    - glog
    - hermes-engine
    - RCT-Folly/Fabric (= 2022.05.16.00)
    - RCTRequired
    - RCTTypeSafety
    - React-Core
    - React-cxxreact
    - React-debug
    - React-graphics
    - React-jsi
    - React-jsiexecutor
    - React-logger
    - React-rendererdebug
    - React-runtimescheduler
    - React-utils
    - ReactCommon/turbomodule/core
  - React-Fabric/components/unimplementedview (0.73.4):
    - DoubleConversion
    - fmt (~> 6.2.1)
    - glog
    - hermes-engine
    - RCT-Folly/Fabric (= 2022.05.16.00)
    - RCTRequired
    - RCTTypeSafety
    - React-Core
    - React-cxxreact
    - React-debug
    - React-graphics
    - React-jsi
    - React-jsiexecutor
    - React-logger
    - React-rendererdebug
    - React-runtimescheduler
    - React-utils
    - ReactCommon/turbomodule/core
  - React-Fabric/components/view (0.73.4):
    - DoubleConversion
    - fmt (~> 6.2.1)
    - glog
    - hermes-engine
    - RCT-Folly/Fabric (= 2022.05.16.00)
    - RCTRequired
    - RCTTypeSafety
    - React-Core
    - React-cxxreact
    - React-debug
    - React-graphics
    - React-jsi
    - React-jsiexecutor
    - React-logger
    - React-rendererdebug
    - React-runtimescheduler
    - React-utils
    - ReactCommon/turbomodule/core
    - Yoga
  - React-Fabric/core (0.73.4):
    - DoubleConversion
    - fmt (~> 6.2.1)
    - glog
    - hermes-engine
    - RCT-Folly/Fabric (= 2022.05.16.00)
    - RCTRequired
    - RCTTypeSafety
    - React-Core
    - React-cxxreact
    - React-debug
    - React-graphics
    - React-jsi
    - React-jsiexecutor
    - React-logger
    - React-rendererdebug
    - React-runtimescheduler
    - React-utils
    - ReactCommon/turbomodule/core
  - React-Fabric/imagemanager (0.73.4):
    - DoubleConversion
    - fmt (~> 6.2.1)
    - glog
    - hermes-engine
    - RCT-Folly/Fabric (= 2022.05.16.00)
    - RCTRequired
    - RCTTypeSafety
    - React-Core
    - React-cxxreact
    - React-debug
    - React-graphics
    - React-jsi
    - React-jsiexecutor
    - React-logger
    - React-rendererdebug
    - React-runtimescheduler
    - React-utils
    - ReactCommon/turbomodule/core
  - React-Fabric/leakchecker (0.73.4):
    - DoubleConversion
    - fmt (~> 6.2.1)
    - glog
    - hermes-engine
    - RCT-Folly/Fabric (= 2022.05.16.00)
    - RCTRequired
    - RCTTypeSafety
    - React-Core
    - React-cxxreact
    - React-debug
    - React-graphics
    - React-jsi
    - React-jsiexecutor
    - React-logger
    - React-rendererdebug
    - React-runtimescheduler
    - React-utils
    - ReactCommon/turbomodule/core
  - React-Fabric/mounting (0.73.4):
    - DoubleConversion
    - fmt (~> 6.2.1)
    - glog
    - hermes-engine
    - RCT-Folly/Fabric (= 2022.05.16.00)
    - RCTRequired
    - RCTTypeSafety
    - React-Core
    - React-cxxreact
    - React-debug
    - React-graphics
    - React-jsi
    - React-jsiexecutor
    - React-logger
    - React-rendererdebug
    - React-runtimescheduler
    - React-utils
    - ReactCommon/turbomodule/core
  - React-Fabric/scheduler (0.73.4):
    - DoubleConversion
    - fmt (~> 6.2.1)
    - glog
    - hermes-engine
    - RCT-Folly/Fabric (= 2022.05.16.00)
    - RCTRequired
    - RCTTypeSafety
    - React-Core
    - React-cxxreact
    - React-debug
    - React-graphics
    - React-jsi
    - React-jsiexecutor
    - React-logger
    - React-rendererdebug
    - React-runtimescheduler
    - React-utils
    - ReactCommon/turbomodule/core
  - React-Fabric/telemetry (0.73.4):
    - DoubleConversion
    - fmt (~> 6.2.1)
    - glog
    - hermes-engine
    - RCT-Folly/Fabric (= 2022.05.16.00)
    - RCTRequired
    - RCTTypeSafety
    - React-Core
    - React-cxxreact
    - React-debug
    - React-graphics
    - React-jsi
    - React-jsiexecutor
    - React-logger
    - React-rendererdebug
    - React-runtimescheduler
    - React-utils
    - ReactCommon/turbomodule/core
  - React-Fabric/templateprocessor (0.73.4):
    - DoubleConversion
    - fmt (~> 6.2.1)
    - glog
    - hermes-engine
    - RCT-Folly/Fabric (= 2022.05.16.00)
    - RCTRequired
    - RCTTypeSafety
    - React-Core
    - React-cxxreact
    - React-debug
    - React-graphics
    - React-jsi
    - React-jsiexecutor
    - React-logger
    - React-rendererdebug
    - React-runtimescheduler
    - React-utils
    - ReactCommon/turbomodule/core
  - React-Fabric/textlayoutmanager (0.73.4):
    - DoubleConversion
    - fmt (~> 6.2.1)
    - glog
    - hermes-engine
    - RCT-Folly/Fabric (= 2022.05.16.00)
    - RCTRequired
    - RCTTypeSafety
    - React-Core
    - React-cxxreact
    - React-debug
    - React-Fabric/uimanager
    - React-graphics
    - React-jsi
    - React-jsiexecutor
    - React-logger
    - React-rendererdebug
    - React-runtimescheduler
    - React-utils
    - ReactCommon/turbomodule/core
  - React-Fabric/uimanager (0.73.4):
    - DoubleConversion
    - fmt (~> 6.2.1)
    - glog
    - hermes-engine
    - RCT-Folly/Fabric (= 2022.05.16.00)
    - RCTRequired
    - RCTTypeSafety
    - React-Core
    - React-cxxreact
    - React-debug
    - React-graphics
    - React-jsi
    - React-jsiexecutor
    - React-logger
    - React-rendererdebug
    - React-runtimescheduler
    - React-utils
    - ReactCommon/turbomodule/core
  - React-FabricImage (0.73.4):
    - DoubleConversion
    - fmt (~> 6.2.1)
    - glog
    - hermes-engine
    - RCT-Folly/Fabric (= 2022.05.16.00)
    - RCTRequired (= 0.73.4)
    - RCTTypeSafety (= 0.73.4)
    - React-Fabric
    - React-graphics
    - React-ImageManager
    - React-jsi
    - React-jsiexecutor (= 0.73.4)
    - React-logger
    - React-rendererdebug
    - React-utils
    - ReactCommon
    - Yoga
  - React-graphics (0.73.4):
    - glog
    - RCT-Folly/Fabric (= 2022.05.16.00)
    - React-Core/Default (= 0.73.4)
    - React-utils
  - React-hermes (0.73.4):
    - DoubleConversion
    - fmt (~> 6.2.1)
    - glog
    - hermes-engine
    - RCT-Folly (= 2022.05.16.00)
    - RCT-Folly/Futures (= 2022.05.16.00)
    - React-cxxreact (= 0.73.4)
    - React-jsi
    - React-jsiexecutor (= 0.73.4)
    - React-jsinspector (= 0.73.4)
    - React-perflogger (= 0.73.4)
  - React-ImageManager (0.73.4):
    - glog
    - RCT-Folly/Fabric
    - React-Core/Default
    - React-debug
    - React-Fabric
    - React-graphics
    - React-rendererdebug
    - React-utils
  - React-jserrorhandler (0.73.4):
    - RCT-Folly/Fabric (= 2022.05.16.00)
    - React-debug
    - React-jsi
    - React-Mapbuffer
  - React-jsi (0.73.4):
    - boost (= 1.83.0)
    - DoubleConversion
    - fmt (~> 6.2.1)
    - glog
    - hermes-engine
    - RCT-Folly (= 2022.05.16.00)
  - React-jsiexecutor (0.73.4):
    - DoubleConversion
    - fmt (~> 6.2.1)
    - glog
    - hermes-engine
    - RCT-Folly (= 2022.05.16.00)
    - React-cxxreact (= 0.73.4)
    - React-jsi (= 0.73.4)
    - React-perflogger (= 0.73.4)
  - React-jsinspector (0.73.4)
  - React-logger (0.73.4):
    - glog
  - React-Mapbuffer (0.73.4):
    - glog
    - React-debug
  - react-native-mmkv (2.6.3):
    - MMKV (>= 1.2.13)
    - React-Core
  - react-native-restart (0.0.27):
    - React-Core
  - react-native-safe-area-context (4.8.2):
    - React-Core
  - React-nativeconfig (0.73.4)
  - React-NativeModulesApple (0.73.4):
    - glog
    - hermes-engine
    - React-callinvoker
    - React-Core
    - React-cxxreact
    - React-jsi
    - React-runtimeexecutor
    - ReactCommon/turbomodule/bridging
    - ReactCommon/turbomodule/core
  - React-perflogger (0.73.4)
  - React-RCTActionSheet (0.73.4):
    - React-Core/RCTActionSheetHeaders (= 0.73.4)
  - React-RCTAnimation (0.73.4):
    - RCT-Folly (= 2022.05.16.00)
    - RCTTypeSafety
    - React-Codegen
    - React-Core/RCTAnimationHeaders
    - React-jsi
    - React-NativeModulesApple
    - ReactCommon
  - React-RCTAppDelegate (0.73.4):
    - RCT-Folly
    - RCTRequired
    - RCTTypeSafety
    - React-Core
    - React-CoreModules
    - React-hermes
    - React-nativeconfig
    - React-NativeModulesApple
    - React-RCTFabric
    - React-RCTImage
    - React-RCTNetwork
    - React-runtimescheduler
    - ReactCommon
  - React-RCTBlob (0.73.4):
    - hermes-engine
    - RCT-Folly (= 2022.05.16.00)
    - React-Codegen
    - React-Core/RCTBlobHeaders
    - React-Core/RCTWebSocket
    - React-jsi
    - React-NativeModulesApple
    - React-RCTNetwork
    - ReactCommon
  - React-RCTFabric (0.73.4):
    - glog
    - hermes-engine
    - RCT-Folly/Fabric (= 2022.05.16.00)
    - React-Core
    - React-debug
    - React-Fabric
    - React-FabricImage
    - React-graphics
    - React-ImageManager
    - React-jsi
    - React-nativeconfig
    - React-RCTImage
    - React-RCTText
    - React-rendererdebug
    - React-runtimescheduler
    - React-utils
    - Yoga
  - React-RCTImage (0.73.4):
    - RCT-Folly (= 2022.05.16.00)
    - RCTTypeSafety
    - React-Codegen
    - React-Core/RCTImageHeaders
    - React-jsi
    - React-NativeModulesApple
    - React-RCTNetwork
    - ReactCommon
  - React-RCTLinking (0.73.4):
    - React-Codegen
    - React-Core/RCTLinkingHeaders (= 0.73.4)
    - React-jsi (= 0.73.4)
    - React-NativeModulesApple
    - ReactCommon
    - ReactCommon/turbomodule/core (= 0.73.4)
  - React-RCTNetwork (0.73.4):
    - RCT-Folly (= 2022.05.16.00)
    - RCTTypeSafety
    - React-Codegen
    - React-Core/RCTNetworkHeaders
    - React-jsi
    - React-NativeModulesApple
    - ReactCommon
  - React-RCTSettings (0.73.4):
    - RCT-Folly (= 2022.05.16.00)
    - RCTTypeSafety
    - React-Codegen
    - React-Core/RCTSettingsHeaders
    - React-jsi
    - React-NativeModulesApple
    - ReactCommon
  - React-RCTText (0.73.4):
    - React-Core/RCTTextHeaders (= 0.73.4)
    - Yoga
  - React-RCTVibration (0.73.4):
    - RCT-Folly (= 2022.05.16.00)
    - React-Codegen
    - React-Core/RCTVibrationHeaders
    - React-jsi
    - React-NativeModulesApple
    - ReactCommon
  - React-rendererdebug (0.73.4):
    - DoubleConversion
    - fmt (~> 6.2.1)
    - RCT-Folly (= 2022.05.16.00)
    - React-debug
  - React-rncore (0.73.4)
  - React-runtimeexecutor (0.73.4):
    - React-jsi (= 0.73.4)
  - React-runtimescheduler (0.73.4):
    - glog
    - hermes-engine
    - RCT-Folly (= 2022.05.16.00)
    - React-callinvoker
    - React-cxxreact
    - React-debug
    - React-jsi
    - React-rendererdebug
    - React-runtimeexecutor
    - React-utils
  - React-utils (0.73.4):
    - glog
    - RCT-Folly (= 2022.05.16.00)
    - React-debug
  - ReactCommon (0.73.4):
    - React-logger (= 0.73.4)
    - ReactCommon/turbomodule (= 0.73.4)
  - ReactCommon/turbomodule (0.73.4):
    - DoubleConversion
    - fmt (~> 6.2.1)
    - glog
    - hermes-engine
    - RCT-Folly (= 2022.05.16.00)
    - React-callinvoker (= 0.73.4)
    - React-cxxreact (= 0.73.4)
    - React-jsi (= 0.73.4)
    - React-logger (= 0.73.4)
    - React-perflogger (= 0.73.4)
    - ReactCommon/turbomodule/bridging (= 0.73.4)
    - ReactCommon/turbomodule/core (= 0.73.4)
  - ReactCommon/turbomodule/bridging (0.73.4):
    - DoubleConversion
    - fmt (~> 6.2.1)
    - glog
    - hermes-engine
    - RCT-Folly (= 2022.05.16.00)
    - React-callinvoker (= 0.73.4)
    - React-cxxreact (= 0.73.4)
    - React-jsi (= 0.73.4)
    - React-logger (= 0.73.4)
    - React-perflogger (= 0.73.4)
  - ReactCommon/turbomodule/core (0.73.4):
    - DoubleConversion
    - fmt (~> 6.2.1)
    - glog
    - hermes-engine
    - RCT-Folly (= 2022.05.16.00)
    - React-callinvoker (= 0.73.4)
    - React-cxxreact (= 0.73.4)
    - React-jsi (= 0.73.4)
    - React-logger (= 0.73.4)
    - React-perflogger (= 0.73.4)
  - ReactNativeAvoidSoftinput (4.0.2):
    - React-Core
  - RNFlashList (1.6.3):
    - React-Core
  - RNGestureHandler (2.14.1):
    - glog
    - RCT-Folly (= 2022.05.16.00)
    - React-Core
  - RNReanimated (3.6.2):
    - glog
    - RCT-Folly (= 2022.05.16.00)
    - React-Core
    - ReactCommon/turbomodule/core
  - RNScreens (3.29.0):
    - glog
    - RCT-Folly (= 2022.05.16.00)
    - React-Core
  - RNSVG (14.1.0):
    - React-Core
  - SDWebImage (5.17.0):
    - SDWebImage/Core (= 5.17.0)
  - SDWebImage/Core (5.17.0)
  - SDWebImageAVIFCoder (0.10.1):
    - libavif (>= 0.11.0)
    - SDWebImage (~> 5.10)
  - SDWebImageSVGCoder (1.7.0):
    - SDWebImage/Core (~> 5.6)
  - SDWebImageWebPCoder (0.13.0):
    - libwebp (~> 1.0)
    - SDWebImage/Core (~> 5.17)
  - SocketRocket (0.6.1)
  - Yoga (1.14.0)

DEPENDENCIES:
  - boost (from `../node_modules/react-native/third-party-podspecs/boost.podspec`)
  - DoubleConversion (from `../node_modules/react-native/third-party-podspecs/DoubleConversion.podspec`)
  - EXConstants (from `../node_modules/expo-constants/ios`)
  - EXFont (from `../node_modules/expo-font/ios`)
  - EXJSONUtils (from `../node_modules/expo-json-utils/ios`)
  - EXManifests (from `../node_modules/expo-manifests/ios`)
  - Expo (from `../node_modules/expo`)
  - expo-dev-client (from `../node_modules/expo-dev-client/ios`)
  - expo-dev-launcher (from `../node_modules/expo-dev-launcher`)
  - expo-dev-menu (from `../node_modules/expo-dev-menu`)
  - expo-dev-menu-interface (from `../node_modules/expo-dev-menu-interface/ios`)
  - ExpoFileSystem (from `../node_modules/expo-file-system/ios`)
  - ExpoHead (from `../node_modules/expo-router/ios`)
  - ExpoImage (from `../node_modules/expo-image/ios`)
  - ExpoKeepAwake (from `../node_modules/expo-keep-awake/ios`)
  - ExpoLocalization (from `../node_modules/expo-localization/ios`)
  - ExpoModulesCore (from `../node_modules/expo-modules-core`)
  - ExpoSystemUI (from `../node_modules/expo-system-ui/ios`)
  - EXSplashScreen (from `../node_modules/expo-splash-screen/ios`)
  - EXUpdatesInterface (from `../node_modules/expo-updates-interface/ios`)
  - FBLazyVector (from `../node_modules/react-native/Libraries/FBLazyVector`)
  - FBReactNativeSpec (from `../node_modules/react-native/React/FBReactNativeSpec`)
  - glog (from `../node_modules/react-native/third-party-podspecs/glog.podspec`)
  - hermes-engine (from `../node_modules/react-native/sdks/hermes-engine/hermes-engine.podspec`)
  - libevent (~> 2.1.12)
  - RCT-Folly (from `../node_modules/react-native/third-party-podspecs/RCT-Folly.podspec`)
  - RCT-Folly/Fabric (from `../node_modules/react-native/third-party-podspecs/RCT-Folly.podspec`)
  - RCTRequired (from `../node_modules/react-native/Libraries/RCTRequired`)
  - RCTTypeSafety (from `../node_modules/react-native/Libraries/TypeSafety`)
  - React (from `../node_modules/react-native/`)
  - React-callinvoker (from `../node_modules/react-native/ReactCommon/callinvoker`)
  - React-Codegen (from `build/generated/ios`)
  - React-Core (from `../node_modules/react-native/`)
  - React-Core/RCTWebSocket (from `../node_modules/react-native/`)
  - React-CoreModules (from `../node_modules/react-native/React/CoreModules`)
  - React-cxxreact (from `../node_modules/react-native/ReactCommon/cxxreact`)
  - React-debug (from `../node_modules/react-native/ReactCommon/react/debug`)
  - React-Fabric (from `../node_modules/react-native/ReactCommon`)
  - React-FabricImage (from `../node_modules/react-native/ReactCommon`)
  - React-graphics (from `../node_modules/react-native/ReactCommon/react/renderer/graphics`)
  - React-hermes (from `../node_modules/react-native/ReactCommon/hermes`)
  - React-ImageManager (from `../node_modules/react-native/ReactCommon/react/renderer/imagemanager/platform/ios`)
  - React-jserrorhandler (from `../node_modules/react-native/ReactCommon/jserrorhandler`)
  - React-jsi (from `../node_modules/react-native/ReactCommon/jsi`)
  - React-jsiexecutor (from `../node_modules/react-native/ReactCommon/jsiexecutor`)
  - React-jsinspector (from `../node_modules/react-native/ReactCommon/jsinspector-modern`)
  - React-logger (from `../node_modules/react-native/ReactCommon/logger`)
  - React-Mapbuffer (from `../node_modules/react-native/ReactCommon`)
  - react-native-mmkv (from `../node_modules/react-native-mmkv`)
  - react-native-restart (from `../node_modules/react-native-restart`)
  - react-native-safe-area-context (from `../node_modules/react-native-safe-area-context`)
  - React-nativeconfig (from `../node_modules/react-native/ReactCommon`)
  - React-NativeModulesApple (from `../node_modules/react-native/ReactCommon/react/nativemodule/core/platform/ios`)
  - React-perflogger (from `../node_modules/react-native/ReactCommon/reactperflogger`)
  - React-RCTActionSheet (from `../node_modules/react-native/Libraries/ActionSheetIOS`)
  - React-RCTAnimation (from `../node_modules/react-native/Libraries/NativeAnimation`)
  - React-RCTAppDelegate (from `../node_modules/react-native/Libraries/AppDelegate`)
  - React-RCTBlob (from `../node_modules/react-native/Libraries/Blob`)
  - React-RCTFabric (from `../node_modules/react-native/React`)
  - React-RCTImage (from `../node_modules/react-native/Libraries/Image`)
  - React-RCTLinking (from `../node_modules/react-native/Libraries/LinkingIOS`)
  - React-RCTNetwork (from `../node_modules/react-native/Libraries/Network`)
  - React-RCTSettings (from `../node_modules/react-native/Libraries/Settings`)
  - React-RCTText (from `../node_modules/react-native/Libraries/Text`)
  - React-RCTVibration (from `../node_modules/react-native/Libraries/Vibration`)
  - React-rendererdebug (from `../node_modules/react-native/ReactCommon/react/renderer/debug`)
  - React-rncore (from `../node_modules/react-native/ReactCommon`)
  - React-runtimeexecutor (from `../node_modules/react-native/ReactCommon/runtimeexecutor`)
  - React-runtimescheduler (from `../node_modules/react-native/ReactCommon/react/renderer/runtimescheduler`)
  - React-utils (from `../node_modules/react-native/ReactCommon/react/utils`)
  - ReactCommon/turbomodule/core (from `../node_modules/react-native/ReactCommon`)
  - ReactNativeAvoidSoftinput (from `../node_modules/react-native-avoid-softinput`)
  - "RNFlashList (from `../node_modules/@shopify/flash-list`)"
  - RNGestureHandler (from `../node_modules/react-native-gesture-handler`)
  - RNReanimated (from `../node_modules/react-native-reanimated`)
  - RNScreens (from `../node_modules/react-native-screens`)
  - RNSVG (from `../node_modules/react-native-svg`)
  - Yoga (from `../node_modules/react-native/ReactCommon/yoga`)

SPEC REPOS:
  trunk:
    - fmt
    - libaom
    - libavif
    - libevent
    - libvmaf
    - libwebp
    - MMKV
    - MMKVCore
    - SDWebImage
    - SDWebImageAVIFCoder
    - SDWebImageSVGCoder
    - SDWebImageWebPCoder
    - SocketRocket

EXTERNAL SOURCES:
  boost:
    :podspec: "../node_modules/react-native/third-party-podspecs/boost.podspec"
  DoubleConversion:
    :podspec: "../node_modules/react-native/third-party-podspecs/DoubleConversion.podspec"
  EXConstants:
    :path: "../node_modules/expo-constants/ios"
  EXFont:
    :path: "../node_modules/expo-font/ios"
  EXJSONUtils:
    :path: "../node_modules/expo-json-utils/ios"
  EXManifests:
    :path: "../node_modules/expo-manifests/ios"
  Expo:
    :path: "../node_modules/expo"
  expo-dev-client:
    :path: "../node_modules/expo-dev-client/ios"
  expo-dev-launcher:
    :path: "../node_modules/expo-dev-launcher"
  expo-dev-menu:
    :path: "../node_modules/expo-dev-menu"
  expo-dev-menu-interface:
    :path: "../node_modules/expo-dev-menu-interface/ios"
  ExpoFileSystem:
    :path: "../node_modules/expo-file-system/ios"
  ExpoHead:
    :path: "../node_modules/expo-router/ios"
  ExpoImage:
    :path: "../node_modules/expo-image/ios"
  ExpoKeepAwake:
    :path: "../node_modules/expo-keep-awake/ios"
  ExpoLocalization:
    :path: "../node_modules/expo-localization/ios"
  ExpoModulesCore:
    :path: "../node_modules/expo-modules-core"
  ExpoSystemUI:
    :path: "../node_modules/expo-system-ui/ios"
  EXSplashScreen:
    :path: "../node_modules/expo-splash-screen/ios"
  EXUpdatesInterface:
    :path: "../node_modules/expo-updates-interface/ios"
  FBLazyVector:
    :path: "../node_modules/react-native/Libraries/FBLazyVector"
  FBReactNativeSpec:
    :path: "../node_modules/react-native/React/FBReactNativeSpec"
  glog:
    :podspec: "../node_modules/react-native/third-party-podspecs/glog.podspec"
  hermes-engine:
    :podspec: "../node_modules/react-native/sdks/hermes-engine/hermes-engine.podspec"
    :tag: hermes-2023-11-17-RNv0.73.0-21043a3fc062be445e56a2c10ecd8be028dd9cc5
  RCT-Folly:
    :podspec: "../node_modules/react-native/third-party-podspecs/RCT-Folly.podspec"
  RCTRequired:
    :path: "../node_modules/react-native/Libraries/RCTRequired"
  RCTTypeSafety:
    :path: "../node_modules/react-native/Libraries/TypeSafety"
  React:
    :path: "../node_modules/react-native/"
  React-callinvoker:
    :path: "../node_modules/react-native/ReactCommon/callinvoker"
  React-Codegen:
    :path: build/generated/ios
  React-Core:
    :path: "../node_modules/react-native/"
  React-CoreModules:
    :path: "../node_modules/react-native/React/CoreModules"
  React-cxxreact:
    :path: "../node_modules/react-native/ReactCommon/cxxreact"
  React-debug:
    :path: "../node_modules/react-native/ReactCommon/react/debug"
  React-Fabric:
    :path: "../node_modules/react-native/ReactCommon"
  React-FabricImage:
    :path: "../node_modules/react-native/ReactCommon"
  React-graphics:
    :path: "../node_modules/react-native/ReactCommon/react/renderer/graphics"
  React-hermes:
    :path: "../node_modules/react-native/ReactCommon/hermes"
  React-ImageManager:
    :path: "../node_modules/react-native/ReactCommon/react/renderer/imagemanager/platform/ios"
  React-jserrorhandler:
    :path: "../node_modules/react-native/ReactCommon/jserrorhandler"
  React-jsi:
    :path: "../node_modules/react-native/ReactCommon/jsi"
  React-jsiexecutor:
    :path: "../node_modules/react-native/ReactCommon/jsiexecutor"
  React-jsinspector:
    :path: "../node_modules/react-native/ReactCommon/jsinspector-modern"
  React-logger:
    :path: "../node_modules/react-native/ReactCommon/logger"
  React-Mapbuffer:
    :path: "../node_modules/react-native/ReactCommon"
  react-native-mmkv:
    :path: "../node_modules/react-native-mmkv"
  react-native-restart:
    :path: "../node_modules/react-native-restart"
  react-native-safe-area-context:
    :path: "../node_modules/react-native-safe-area-context"
  React-nativeconfig:
    :path: "../node_modules/react-native/ReactCommon"
  React-NativeModulesApple:
    :path: "../node_modules/react-native/ReactCommon/react/nativemodule/core/platform/ios"
  React-perflogger:
    :path: "../node_modules/react-native/ReactCommon/reactperflogger"
  React-RCTActionSheet:
    :path: "../node_modules/react-native/Libraries/ActionSheetIOS"
  React-RCTAnimation:
    :path: "../node_modules/react-native/Libraries/NativeAnimation"
  React-RCTAppDelegate:
    :path: "../node_modules/react-native/Libraries/AppDelegate"
  React-RCTBlob:
    :path: "../node_modules/react-native/Libraries/Blob"
  React-RCTFabric:
    :path: "../node_modules/react-native/React"
  React-RCTImage:
    :path: "../node_modules/react-native/Libraries/Image"
  React-RCTLinking:
    :path: "../node_modules/react-native/Libraries/LinkingIOS"
  React-RCTNetwork:
    :path: "../node_modules/react-native/Libraries/Network"
  React-RCTSettings:
    :path: "../node_modules/react-native/Libraries/Settings"
  React-RCTText:
    :path: "../node_modules/react-native/Libraries/Text"
  React-RCTVibration:
    :path: "../node_modules/react-native/Libraries/Vibration"
  React-rendererdebug:
    :path: "../node_modules/react-native/ReactCommon/react/renderer/debug"
  React-rncore:
    :path: "../node_modules/react-native/ReactCommon"
  React-runtimeexecutor:
    :path: "../node_modules/react-native/ReactCommon/runtimeexecutor"
  React-runtimescheduler:
    :path: "../node_modules/react-native/ReactCommon/react/renderer/runtimescheduler"
  React-utils:
    :path: "../node_modules/react-native/ReactCommon/react/utils"
  ReactCommon:
    :path: "../node_modules/react-native/ReactCommon"
  ReactNativeAvoidSoftinput:
    :path: "../node_modules/react-native-avoid-softinput"
  RNFlashList:
    :path: "../node_modules/@shopify/flash-list"
  RNGestureHandler:
    :path: "../node_modules/react-native-gesture-handler"
  RNReanimated:
    :path: "../node_modules/react-native-reanimated"
  RNScreens:
    :path: "../node_modules/react-native-screens"
  RNSVG:
    :path: "../node_modules/react-native-svg"
  Yoga:
    :path: "../node_modules/react-native/ReactCommon/yoga"

SPEC CHECKSUMS:
  boost: d3f49c53809116a5d38da093a8aa78bf551aed09
  DoubleConversion: 5189b271737e1565bdce30deb4a08d647e3f5f54
  EXConstants: 988aa430ca0f76b43cd46b66e7fae3287f9cc2fc
  EXFont: f20669cb266ef48b004f1eb1f2b20db96cd1df9f
  EXJSONUtils: 5c42959e87be238b045ef37cc5268b16a6c0ad4a
  EXManifests: 5e8c29f36c716af768a4ea47ec05e1b89ab93091
  Expo: c2d3edc1b1e833e26d837b03aa46d9137ca63302
  expo-dev-client: dbc8e8a81d17a9d92e083a2856d056ba9a58984d
  expo-dev-launcher: 3f2a78d97842a3fdc2f0116f775d8dbc32396cbd
  expo-dev-menu: b964921baa1bda2a7ff42a407d1d7698ce215faf
  expo-dev-menu-interface: 7ba029c9d1a82ac22b9b584c00514860b060553e
  ExpoFileSystem: a9273932e69a9a1e1a8d01b6ba895bb8294bbea2
  ExpoHead: 5aa4ef0a18a83f323e21cf83ff29b94d3c53e050
  ExpoImage: 8cf2d51de3d03b7e984e9b0ba8f19c0c22057001
  ExpoKeepAwake: 0f5cad99603a3268e50af9a6eb8b76d0d9ac956c
  ExpoLocalization: f5f5d71dc0c9514d3d77b2771144f6fed6398d04
  ExpoModulesCore: 1391529545de72f7f64ecabc7adb912306ab4d34
  ExpoSystemUI: 40e222dd9d52222fe1bce389724ac52e662158dc
  EXSplashScreen: 39244885abfb1b12765aae89edb90f8c88db6bbd
  EXUpdatesInterface: 3e444e2093e25b7ca0999a7d8c16e8392dee70c3
  FBLazyVector: 84f6edbe225f38aebd9deaf1540a4160b1f087d7
  FBReactNativeSpec: d0086a479be91c44ce4687a962956a352d2dc697
  fmt: ff9d55029c625d3757ed641535fd4a75fedc7ce9
  glog: 04b94705f318337d7ead9e6d17c019bd9b1f6b1b
  hermes-engine: b2669ce35fc4ac14f523b307aff8896799829fe2
  libaom: 144606b1da4b5915a1054383c3a4459ccdb3c661
  libavif: 84bbb62fb232c3018d6f1bab79beea87e35de7b7
  libevent: 4049cae6c81cdb3654a443be001fb9bdceff7913
  libvmaf: 27f523f1e63c694d14d534cd0fddd2fab0ae8711
  libwebp: 1786c9f4ff8a279e4dac1e8f385004d5fc253009
  MMKV: f902fb6719da13c2ab0965233d8963a59416f911
  MMKVCore: d26e4d3edd5cb8588c2569222cbd8be4231374e9
  RCT-Folly: 7169b2b1c44399c76a47b5deaaba715eeeb476c0
  RCTRequired: ab7f915c15569f04a49669e573e6e319a53f9faa
  RCTTypeSafety: 63b97ced7b766865057e7154db0e81ce4ee6cf1e
  React: 1c87497e50fa40ba9c54e5ea5e53483a0f8eecc0
  React-callinvoker: e3a52a9a93e3eb004d7282c26a4fb27003273fe6
  React-Codegen: 50c0f8f073e71b929b057b68bf31be604f1dccc8
  React-Core: d0ecde72894b792cb8922efaa0990199cbe85169
  React-CoreModules: 2ff1684dd517f0c441495d90a704d499f05e9d0a
  React-cxxreact: d9be2fac926741052395da0a6d0bab8d71e2f297
  React-debug: 4678e73a37cb501d784e99ff0f219b4940362a3b
  React-Fabric: 460ee9d4b8b9de3382504a711430bfead1d5be1e
  React-FabricImage: d0a0631bc8ad9143f42bfccf9d3d533a144cc3d6
  React-graphics: f0d5040263a9649e2a70ebe27b3120c49411afef
  React-hermes: b9ac2f7b0c1eeb206eb883583cab7a973d570a6e
  React-ImageManager: 6c4bf9d5ed363ead7b5aaf820a3feab221b7063e
  React-jserrorhandler: 6e7a7e187583e14dc7a0053a2bdd66c252ea3b21
  React-jsi: 380cd24dd81a705dd042c18989fb10b07182210c
  React-jsiexecutor: 8ed7a18b9f119440efdcd424c8257dc7e18067e2
  React-jsinspector: 9ac353eccf6ab54d1e0a33862ba91221d1e88460
  React-logger: 0a57b68dd2aec7ff738195f081f0520724b35dab
  React-Mapbuffer: 63913773ed7f96b814a2521e13e6d010282096ad
  react-native-mmkv: 2e5bf67513cc8deed86fcffe87e12b8cc250dfab
  react-native-restart: 7595693413fe3ca15893702f2c8306c62a708162
  react-native-safe-area-context: 0ee144a6170530ccc37a0fd9388e28d06f516a89
  React-nativeconfig: d7af5bae6da70fa15ce44f045621cf99ed24087c
  React-NativeModulesApple: 0123905d5699853ac68519607555a9a4f5c7b3ac
  React-perflogger: 8a1e1af5733004bdd91258dcefbde21e0d1faccd
  React-RCTActionSheet: 64bbff3a3963664c2d0146f870fe8e0264aee4c4
  React-RCTAnimation: b698168a7269265a4694727196484342d695f0c1
  React-RCTAppDelegate: dcd8e955116eb1d1908dfaf08b4c970812e6a1e6
  React-RCTBlob: 47f8c3b2b4b7fa2c5f19c43f0b7f77f57fb9d953
  React-RCTFabric: 6067a32d683d0c2b84d444548bc15a263c64abed
  React-RCTImage: ac0e77a44c290b20db783649b2b9cddc93e3eb99
  React-RCTLinking: e626fd2900913fe5d25922ea1be394b7aafa09c9
  React-RCTNetwork: d3114bce3977dafe8bd06421b29812f5a8527ba0
  React-RCTSettings: a53511f90d8df637a1a11ac729179a4d2f734481
  React-RCTText: f0176f5f5952f9a4a2c7354f5ae71f7c420aaf34
  React-RCTVibration: 8160223c6eda5b187079fec204f80eca8b8f3177
  React-rendererdebug: ed286b4da8648c27d6ed3ae1410d4b21ba890d5a
  React-rncore: 43f133b89ac10c4b6ab43702a541dee1c292a3bf
  React-runtimeexecutor: e6ab6bb083dbdbdd489cff426ed0bce0652e6edf
  React-runtimescheduler: ed48e5faac6751e66ee1261c4bd01643b436f112
  React-utils: 6e5ad394416482ae21831050928ae27348f83487
  ReactCommon: 840a955d37b7f3358554d819446bffcf624b2522
  ReactNativeAvoidSoftinput: b4ec4c8084c397a91800d21170a9949a263d288a
  RNFlashList: 4b4b6b093afc0df60ae08f9cbf6ccd4c836c667a
  RNGestureHandler: 25b969a1ffc806b9f9ad2e170d4a3b049c6af85e
  RNReanimated: 5589be82dc26b3f94738eb7c6b1f942787532b25
  RNScreens: b582cb834dc4133307562e930e8fa914b8c04ef2
  RNSVG: ba3e7232f45e34b7b47e74472386cf4e1a676d0a
  SDWebImage: 750adf017a315a280c60fde706ab1e552a3ae4e9
  SDWebImageAVIFCoder: 8348fef6d0ec69e129c66c9fe4d74fbfbf366112
  SDWebImageSVGCoder: 15a300a97ec1c8ac958f009c02220ac0402e936c
  SDWebImageWebPCoder: af09429398d99d524cae2fe00f6f0f6e491ed102
  SocketRocket: f32cd54efbe0f095c4d7594881e52619cfe80b17
  Yoga: 1b901a6d6eeba4e8a2e8f308f708691cdb5db312

PODFILE CHECKSUM: ac55d8c0b92af1b0a5da5f8cb8448313ecc7948e

COCOAPODS: 1.12.1
